# This file is generated by running "yarn install" inside your project.
# Manual changes might be lost - proceed with caution!

__metadata:
  version: 10
  cacheKey: 10c0

"@bufbuild/protobuf@npm:^1.10.0":
  version: 1.10.1
  resolution: "@bufbuild/protobuf@npm:1.10.1"
  checksum: 10c0/a89572ae99aa193dd232fca0cdc9ece1dfe2f3d8b061be1f966a4f88fb63410aeb0fe7de927037e970aefcb52036eec58a7f89a40fe1286eed1448ea1bd2634e
  languageName: node
  linkType: hard

"@livekit/mutex@npm:1.1.1":
  version: 1.1.1
  resolution: "@livekit/mutex@npm:1.1.1"
  checksum: 10c0/d4bb1bd34e20939dfc8af0ae10b86918f3944336d0236d219e80a8c554207e8bfaf21e86794f0c56d2c28b43d74ca966111172a95eacb0e12b72133dd184d49a
  languageName: node
  linkType: hard

"@livekit/protocol@npm:1.46.6":
  version: 1.46.6
  resolution: "@livekit/protocol@npm:1.46.6"
  dependencies:
    "@bufbuild/protobuf": "npm:^1.10.0"
  checksum: 10c0/fe4f82076f7bbd18da42e6baba4d94872262d91f543265e7c1c0e7fd5f8a9f96ddefc44808f5fcbbdf662bb6b21bb0441e2ff7ce1a3cff01975e053e492a7030
  languageName: node
  linkType: hard

"Structure@workspace:.":
  version: 0.0.0-use.local
  resolution: "Structure@workspace:."
  dependencies:
    livekit-client: "npm:^2.20.1"
  languageName: unknown
  linkType: soft

"events@npm:^3.3.0":
  version: 3.3.0
  resolution: "events@npm:3.3.0"
  checksum: 10c0/d6b6f2adbccbcda74ddbab52ed07db727ef52e31a61ed26db9feb7dc62af7fc8e060defa65e5f8af9449b86b52cc1a1f6a79f2eafcf4e62add2b7a1fa4a432f6
  languageName: node
  linkType: hard

"jose@npm:^6.1.0":
  version: 6.2.3
  resolution: "jose@npm:6.2.3"
  checksum: 10c0/aa91bccba22cc84d86308f833749bcb0b00441e35c24e0ac79abeac5f76dc62d47bdef9c1da6a0c609f5da6478595f52b252085888b89dbdb163861e40ea4188
  languageName: node
  linkType: hard

"livekit-client@npm:^2.20.1":
  version: 2.20.1
  resolution: "livekit-client@npm:2.20.1"
  dependencies:
    "@livekit/mutex": "npm:1.1.1"
    "@livekit/protocol": "npm:1.46.6"
    events: "npm:^3.3.0"
    jose: "npm:^6.1.0"
    loglevel: "npm:^1.9.2"
    sdp-transform: "npm:^2.15.0"
    tslib: "npm:2.8.1"
    typed-emitter: "npm:^2.1.0"
    webrtc-adapter: "npm:9.0.6"
  peerDependencies:
    "@types/dom-mediacapture-record": ^1
  checksum: 10c0/ff5ca3431ec6fb30d289de0df32fd5f01754a1d18346da64c018bd35c47dcdc12c8edba3a00e17b35b6c91313fe1b596fba80a4ac2f20929cb0638b1f1d7a9a4
  languageName: node
  linkType: hard

"loglevel@npm:^1.9.2":
  version: 1.9.2
  resolution: "loglevel@npm:1.9.2"
  checksum: 10c0/1e317fa4648fe0b4a4cffef6de037340592cee8547b07d4ce97a487abe9153e704b98451100c799b032c72bb89c9366d71c9fb8192ada8703269263ae77acdc7
  languageName: node
  linkType: hard

"rxjs@npm:*":
  version: 7.8.2
  resolution: "rxjs@npm:7.8.2"
  dependencies:
    tslib: "npm:^2.1.0"
  checksum: 10c0/1fcd33d2066ada98ba8f21fcbbcaee9f0b271de1d38dc7f4e256bfbc6ffcdde68c8bfb69093de7eeb46f24b1fb820620bf0223706cff26b4ab99a7ff7b2e2c45
  languageName: node
  linkType: hard

"sdp-transform@npm:^2.15.0":
  version: 2.15.0
  resolution: "sdp-transform@npm:2.15.0"
  bin:
    sdp-verify: checker.js
  checksum: 10c0/96c060f113a3d5418defa168db609f7e23e5bd7954fa1cf7784f103dbe702e24d667e5310d2ac6d88abdb32322af83d6ebd0df08e07f4f172d5ed5888f921386
  languageName: node
  linkType: hard

"sdp@npm:^3.2.0":
  version: 3.2.2
  resolution: "sdp@npm:3.2.2"
  checksum: 10c0/62913cbd92b0cca8feb17850dee9e331d6e38402385d4985aac80bde6b35032bfb7453c00096c4d7e6a91a9d73a7ba6235c2368998a54a8edd1c0dd4ec94d9e3
  languageName: node
  linkType: hard

"tslib@npm:2.8.1, tslib@npm:^2.1.0":
  version: 2.8.1
  resolution: "tslib@npm:2.8.1"
  checksum: 10c0/9c4759110a19c53f992d9aae23aac5ced636e99887b51b9e61def52611732872ff7668757d4e4c61f19691e36f4da981cd9485e869b4a7408d689f6bf1f14e62
  languageName: node
  linkType: hard

"typed-emitter@npm:^2.1.0":
  version: 2.1.0
  resolution: "typed-emitter@npm:2.1.0"
  dependencies:
    rxjs: "npm:*"
  dependenciesMeta:
    rxjs:
      optional: true
  checksum: 10c0/01fc354ba8e87bd39b1bf4fe1c96fe7ecff7fde83161003b0f8c7f4b285a368052e185ba655dd8c102c4445301b7a1e032c8972f181b440fc95bd810450f1314
  languageName: node
  linkType: hard

"webrtc-adapter@npm:9.0.6":
  version: 9.0.6
  resolution: "webrtc-adapter@npm:9.0.6"
  dependencies:
    sdp: "npm:^3.2.0"
  checksum: 10c0/19b44f507d4583df300ce338a24fe343473edf433228978666eacfc7eee27d2603cb8683da8f1bb380031ac5e827e224824d2921395e008fea85d14ad59b1aba
  languageName: node
  linkType: hard
